// !$*UTF8*$!
{
	archiveVersion = 1;
	classes = {
	};
	objectVersion = 48;
	objects = {

/* Begin PBXBuildFile section */
		11053A142063563C002099E2 /* AppDelegate.swift in Sources */ = {isa = PBXBuildFile; fileRef = 11053A132063563C002099E2 /* AppDelegate.swift */; };
		11053A162063563C002099E2 /* ViewController.swift in Sources */ = {isa = PBXBuildFile; fileRef = 11053A152063563C002099E2 /* ViewController.swift */; };
		11053A192063563C002099E2 /* Main.storyboard in Resources */ = {isa = PBXBuildFile; fileRef = 11053A172063563C002099E2 /* Main.storyboard */; };
		11053A1B2063563C002099E2 /* Assets.xcassets in Resources */ = {isa = PBXBuildFile; fileRef = 11053A1A2063563C002099E2 /* Assets.xcassets */; };
		11053A1E2063563C002099E2 /* LaunchScreen.storyboard in Resources */ = {isa = PBXBuildFile; fileRef = 11053A1C2063563C002099E2 /* LaunchScreen.storyboard */; };
		11053A292063563D002099E2 /* Sister_v1Tests.swift in Sources */ = {isa = PBXBuildFile; fileRef = 11053A282063563D002099E2 /* Sister_v1Tests.swift */; };
		11053A342063563D002099E2 /* Sister_v1UITests.swift in Sources */ = {isa = PBXBuildFile; fileRef = 11053A332063563D002099E2 /* Sister_v1UITests.swift */; };
		11053A9A20635B9B002099E2 /* MainTabBarController.swift in Sources */ = {isa = PBXBuildFile; fileRef = 11053A9920635B9B002099E2 /* MainTabBarController.swift */; };
		11053A9C20637753002099E2 /* MainTabBar.swift in Sources */ = {isa = PBXBuildFile; fileRef = 11053A9B20637753002099E2 /* MainTabBar.swift */; };
		11053A9E20637780002099E2 /* MainNavigationController.swift in Sources */ = {isa = PBXBuildFile; fileRef = 11053A9D20637780002099E2 /* MainNavigationController.swift */; };
		11053AA020637816002099E2 /* EssenceViewController.swift in Sources */ = {isa = PBXBuildFile; fileRef = 11053A9F20637816002099E2 /* EssenceViewController.swift */; };
		11053AA220637827002099E2 /* NewViewController.swift in Sources */ = {isa = PBXBuildFile; fileRef = 11053AA120637827002099E2 /* NewViewController.swift */; };
		11053AA62063789A002099E2 /* PublishViewController.swift in Sources */ = {isa = PBXBuildFile; fileRef = 11053AA52063789A002099E2 /* PublishViewController.swift */; };
		11053AA8206378B7002099E2 /* MeViewController.swift in Sources */ = {isa = PBXBuildFile; fileRef = 11053AA7206378B7002099E2 /* MeViewController.swift */; };
		11053AAA206378CA002099E2 /* FriendViewController.swift in Sources */ = {isa = PBXBuildFile; fileRef = 11053AA9206378CA002099E2 /* FriendViewController.swift */; };
		11053AAC20637EC5002099E2 /* UIView+Extension.swift in Sources */ = {isa = PBXBuildFile; fileRef = 11053AAB20637EC5002099E2 /* UIView+Extension.swift */; };
		11053AAE206393C6002099E2 /* Common.swift in Sources */ = {isa = PBXBuildFile; fileRef = 11053AAD206393C6002099E2 /* Common.swift */; };
/* End PBXBuildFile section */

/* Begin PBXContainerItemProxy section */
		11053A252063563D002099E2 /* PBXContainerItemProxy */ = {
			isa = PBXContainerItemProxy;
			containerPortal = 11053A082063563C002099E2 /* Project object */;
			proxyType = 1;
			remoteGlobalIDString = 11053A0F2063563C002099E2;
			remoteInfo = "Sister-v1";
		};
		11053A302063563D002099E2 /* PBXContainerItemProxy */ = {
			isa = PBXContainerItemProxy;
			containerPortal = 11053A082063563C002099E2 /* Project object */;
			proxyType = 1;
			remoteGlobalIDString = 11053A0F2063563C002099E2;
			remoteInfo = "Sister-v1";
		};
/* End PBXContainerItemProxy section */

/* Begin PBXFileReference section */
		11053A102063563C002099E2 /* Sister-v1.app */ = {isa = PBXFileReference; explicitFileType = wrapper.application; includeInIndex = 0; path = "Sister-v1.app"; sourceTree = BUILT_PRODUCTS_DIR; };
		11053A132063563C002099E2 /* AppDelegate.swift */ = {isa = PBXFileReference; lastKnownFileType = sourcecode.swift; path = AppDelegate.swift; sourceTree = "<group>"; };
		11053A152063563C002099E2 /* ViewController.swift */ = {isa = PBXFileReference; lastKnownFileType = sourcecode.swift; path = ViewController.swift; sourceTree = "<group>"; };
		11053A182063563C002099E2 /* Base */ = {isa = PBXFileReference; lastKnownFileType = file.storyboard; name = Base; path = Base.lproj/Main.storyboard; sourceTree = "<group>"; };
		11053A1A2063563C002099E2 /* Assets.xcassets */ = {isa = PBXFileReference; lastKnownFileType = folder.assetcatalog; path = Assets.xcassets; sourceTree = "<group>"; };
		11053A1D2063563C002099E2 /* Base */ = {isa = PBXFileReference; lastKnownFileType = file.storyboard; name = Base; path = Base.lproj/LaunchScreen.storyboard; sourceTree = "<group>"; };
		11053A1F2063563C002099E2 /* Info.plist */ = {isa = PBXFileReference; lastKnownFileType = text.plist.xml; path = Info.plist; sourceTree = "<group>"; };
		11053A242063563D002099E2 /* Sister-v1Tests.xctest */ = {isa = PBXFileReference; explicitFileType = wrapper.cfbundle; includeInIndex = 0; path = "Sister-v1Tests.xctest"; sourceTree = BUILT_PRODUCTS_DIR; };
		11053A282063563D002099E2 /* Sister_v1Tests.swift */ = {isa = PBXFileReference; lastKnownFileType = sourcecode.swift; path = Sister_v1Tests.swift; sourceTree = "<group>"; };
		11053A2A2063563D002099E2 /* Info.plist */ = {isa = PBXFileReference; lastKnownFileType = text.plist.xml; path = Info.plist; sourceTree = "<group>"; };
		11053A2F2063563D002099E2 /* Sister-v1UITests.xctest */ = {isa = PBXFileReference; explicitFileType = wrapper.cfbundle; includeInIndex = 0; path = "Sister-v1UITests.xctest"; sourceTree = BUILT_PRODUCTS_DIR; };
		11053A332063563D002099E2 /* Sister_v1UITests.swift */ = {isa = PBXFileReference; lastKnownFileType = sourcecode.swift; path = Sister_v1UITests.swift; sourceTree = "<group>"; };
		11053A352063563D002099E2 /* Info.plist */ = {isa = PBXFileReference; lastKnownFileType = text.plist.xml; path = Info.plist; sourceTree = "<group>"; };
		11053A9920635B9B002099E2 /* MainTabBarController.swift */ = {isa = PBXFileReference; lastKnownFileType = sourcecode.swift; path = MainTabBarController.swift; sourceTree = "<group>"; };
		11053A9B20637753002099E2 /* MainTabBar.swift */ = {isa = PBXFileReference; lastKnownFileType = sourcecode.swift; path = MainTabBar.swift; sourceTree = "<group>"; };
		11053A9D20637780002099E2 /* MainNavigationController.swift */ = {isa = PBXFileReference; lastKnownFileType = sourcecode.swift; path = MainNavigationController.swift; sourceTree = "<group>"; };
		11053A9F20637816002099E2 /* EssenceViewController.swift */ = {isa = PBXFileReference; lastKnownFileType = sourcecode.swift; path = EssenceViewController.swift; sourceTree = "<group>"; };
		11053AA120637827002099E2 /* NewViewController.swift */ = {isa = PBXFileReference; lastKnownFileType = sourcecode.swift; path = NewViewController.swift; sourceTree = "<group>"; };
		11053AA52063789A002099E2 /* PublishViewController.swift */ = {isa = PBXFileReference; lastKnownFileType = sourcecode.swift; path = PublishViewController.swift; sourceTree = "<group>"; };
		11053AA7206378B7002099E2 /* MeViewController.swift */ = {isa = PBXFileReference; lastKnownFileType = sourcecode.swift; path = MeViewController.swift; sourceTree = "<group>"; };
		11053AA9206378CA002099E2 /* FriendViewController.swift */ = {isa = PBXFileReference; lastKnownFileType = sourcecode.swift; path = FriendViewController.swift; sourceTree = "<group>"; };
		11053AAB20637EC5002099E2 /* UIView+Extension.swift */ = {isa = PBXFileReference; lastKnownFileType = sourcecode.swift; path = "UIView+Extension.swift"; sourceTree = "<group>"; };
		11053AAD206393C6002099E2 /* Common.swift */ = {isa = PBXFileReference; lastKnownFileType = sourcecode.swift; path = Common.swift; sourceTree = "<group>"; };
/* End PBXFileReference section */

/* Begin PBXFrameworksBuildPhase section */
		11053A0D2063563C002099E2 /* Frameworks */ = {
			isa = PBXFrameworksBuildPhase;
			buildActionMask = 2147483647;
			files = (
			);
			runOnlyForDeploymentPostprocessing = 0;
		};
		11053A212063563D002099E2 /* Frameworks */ = {
			isa = PBXFrameworksBuildPhase;
			buildActionMask = 2147483647;
			files = (
			);
			runOnlyForDeploymentPostprocessing = 0;
		};
		11053A2C2063563D002099E2 /* Frameworks */ = {
			isa = PBXFrameworksBuildPhase;
			buildActionMask = 2147483647;
			files = (
			);
			runOnlyForDeploymentPostprocessing = 0;
		};
/* End PBXFrameworksBuildPhase section */

/* Begin PBXGroup section */
		11053A072063563C002099E2 = {
			isa = PBXGroup;
			children = (
				11053A122063563C002099E2 /* Sister-v1 */,
				11053A272063563D002099E2 /* Sister-v1Tests */,
				11053A322063563D002099E2 /* Sister-v1UITests */,
				11053A112063563C002099E2 /* Products */,
			);
			sourceTree = "<group>";
		};
		11053A112063563C002099E2 /* Products */ = {
			isa = PBXGroup;
			children = (
				11053A102063563C002099E2 /* Sister-v1.app */,
				11053A242063563D002099E2 /* Sister-v1Tests.xctest */,
				11053A2F2063563D002099E2 /* Sister-v1UITests.xctest */,
			);
			name = Products;
			sourceTree = "<group>";
		};
		11053A122063563C002099E2 /* Sister-v1 */ = {
			isa = PBXGroup;
			children = (
				11053A132063563C002099E2 /* AppDelegate.swift */,
				11053A7B2063572F002099E2 /* Essence */,
				11053A7D20635762002099E2 /* New */,
				11053A8020635777002099E2 /* Publish */,
				11053A7E20635768002099E2 /* Me */,
				11053A7C20635758002099E2 /* Follow */,
				11053A7F2063576D002099E2 /* Other */,
				11053A152063563C002099E2 /* ViewController.swift */,
				11053A172063563C002099E2 /* Main.storyboard */,
				11053A1A2063563C002099E2 /* Assets.xcassets */,
				11053A1C2063563C002099E2 /* LaunchScreen.storyboard */,
				11053A1F2063563C002099E2 /* Info.plist */,
			);
			path = "Sister-v1";
			sourceTree = "<group>";
		};
		11053A272063563D002099E2 /* Sister-v1Tests */ = {
			isa = PBXGroup;
			children = (
				11053A282063563D002099E2 /* Sister_v1Tests.swift */,
				11053A2A2063563D002099E2 /* Info.plist */,
			);
			path = "Sister-v1Tests";
			sourceTree = "<group>";
		};
		11053A322063563D002099E2 /* Sister-v1UITests */ = {
			isa = PBXGroup;
			children = (
				11053A332063563D002099E2 /* Sister_v1UITests.swift */,
				11053A352063563D002099E2 /* Info.plist */,
			);
			path = "Sister-v1UITests";
			sourceTree = "<group>";
		};
		11053A7B2063572F002099E2 /* Essence */ = {
			isa = PBXGroup;
			children = (
				11053A84206358AE002099E2 /* ViewModel */,
				11053A83206358A6002099E2 /* Controller */,
				11053A822063589E002099E2 /* Model */,
				11053A812063588C002099E2 /* View */,
			);
			path = Essence;
			sourceTree = "<group>";
		};
		11053A7C20635758002099E2 /* Follow */ = {
			isa = PBXGroup;
			children = (
				11053A92206358FF002099E2 /* Controller */,
				11053A91206358FF002099E2 /* Model */,
				11053A93206358FF002099E2 /* View */,
				11053A94206358FF002099E2 /* ViewModel */,
			);
			path = Follow;
			sourceTree = "<group>";
		};
		11053A7D20635762002099E2 /* New */ = {
			isa = PBXGroup;
			children = (
				11053A88206358D5002099E2 /* Controller */,
				11053A86206358D5002099E2 /* Model */,
				11053A85206358D4002099E2 /* View */,
				11053A87206358D5002099E2 /* ViewModel */,
			);
			path = New;
			sourceTree = "<group>";
		};
		11053A7E20635768002099E2 /* Me */ = {
			isa = PBXGroup;
			children = (
				11053A8E206358F2002099E2 /* Controller */,
				11053A90206358F2002099E2 /* Model */,
				11053A8F206358F2002099E2 /* View */,
				11053A8D206358F2002099E2 /* ViewModel */,
			);
			path = Me;
			sourceTree = "<group>";
		};
		11053A7F2063576D002099E2 /* Other */ = {
			isa = PBXGroup;
			children = (
				11053A9820635A67002099E2 /* Tools */,
				11053A9720635A5B002099E2 /* Controller */,
				11053A9520635A45002099E2 /* Category */,
			);
			path = Other;
			sourceTree = "<group>";
		};
		11053A8020635777002099E2 /* Publish */ = {
			isa = PBXGroup;
			children = (
				11053A8B206358E7002099E2 /* Controller */,
				11053A8A206358E7002099E2 /* Model */,
				11053A8C206358E7002099E2 /* View */,
				11053A89206358E7002099E2 /* ViewModel */,
			);
			path = Publish;
			sourceTree = "<group>";
		};
		11053A812063588C002099E2 /* View */ = {
			isa = PBXGroup;
			children = (
			);
			path = View;
			sourceTree = "<group>";
		};
		11053A822063589E002099E2 /* Model */ = {
			isa = PBXGroup;
			children = (
			);
			path = Model;
			sourceTree = "<group>";
		};
		11053A83206358A6002099E2 /* Controller */ = {
			isa = PBXGroup;
			children = (
				11053A9F20637816002099E2 /* EssenceViewController.swift */,
			);
			path = Controller;
			sourceTree = "<group>";
		};
		11053A84206358AE002099E2 /* ViewModel */ = {
			isa = PBXGroup;
			children = (
			);
			path = ViewModel;
			sourceTree = "<group>";
		};
		11053A85206358D4002099E2 /* View */ = {
			isa = PBXGroup;
			children = (
			);
			path = View;
			sourceTree = "<group>";
		};
		11053A86206358D5002099E2 /* Model */ = {
			isa = PBXGroup;
			children = (
			);
			path = Model;
			sourceTree = "<group>";
		};
		11053A87206358D5002099E2 /* ViewModel */ = {
			isa = PBXGroup;
			children = (
			);
			path = ViewModel;
			sourceTree = "<group>";
		};
		11053A88206358D5002099E2 /* Controller */ = {
			isa = PBXGroup;
			children = (
				11053AA120637827002099E2 /* NewViewController.swift */,
			);
			path = Controller;
			sourceTree = "<group>";
		};
		11053A89206358E7002099E2 /* ViewModel */ = {
			isa = PBXGroup;
			children = (
			);
			path = ViewModel;
			sourceTree = "<group>";
		};
		11053A8A206358E7002099E2 /* Model */ = {
			isa = PBXGroup;
			children = (
			);
			path = Model;
			sourceTree = "<group>";
		};
		11053A8B206358E7002099E2 /* Controller */ = {
			isa = PBXGroup;
			children = (
				11053AA52063789A002099E2 /* PublishViewController.swift */,
			);
			path = Controller;
			sourceTree = "<group>";
		};
		11053A8C206358E7002099E2 /* View */ = {
			isa = PBXGroup;
			children = (
			);
			path = View;
			sourceTree = "<group>";
		};
		11053A8D206358F2002099E2 /* ViewModel */ = {
			isa = PBXGroup;
			children = (
			);
			path = ViewModel;
			sourceTree = "<group>";
		};
		11053A8E206358F2002099E2 /* Controller */ = {
			isa = PBXGroup;
			children = (
				11053AA7206378B7002099E2 /* MeViewController.swift */,
			);
			path = Controller;
			sourceTree = "<group>";
		};
		11053A8F206358F2002099E2 /* View */ = {
			isa = PBXGroup;
			children = (
			);
			path = View;
			sourceTree = "<group>";
		};
		11053A90206358F2002099E2 /* Model */ = {
			isa = PBXGroup;
			children = (
			);
			path = Model;
			sourceTree = "<group>";
		};
		11053A91206358FF002099E2 /* Model */ = {
			isa = PBXGroup;
			children = (
			);
			path = Model;
			sourceTree = "<group>";
		};
		11053A92206358FF002099E2 /* Controller */ = {
			isa = PBXGroup;
			children = (
				11053AA9206378CA002099E2 /* FriendViewController.swift */,
			);
			path = Controller;
			sourceTree = "<group>";
		};
		11053A93206358FF002099E2 /* View */ = {
			isa = PBXGroup;
			children = (
			);
			path = View;
			sourceTree = "<group>";
		};
		11053A94206358FF002099E2 /* ViewModel */ = {
			isa = PBXGroup;
			children = (
			);
			path = ViewModel;
			sourceTree = "<group>";
		};
		11053A9520635A45002099E2 /* Category */ = {
			isa = PBXGroup;
			children = (
				11053AAB20637EC5002099E2 /* UIView+Extension.swift */,
			);
			path = Category;
			sourceTree = "<group>";
		};
		11053A9720635A5B002099E2 /* Controller */ = {
			isa = PBXGroup;
			children = (
				11053A9920635B9B002099E2 /* MainTabBarController.swift */,
				11053A9B20637753002099E2 /* MainTabBar.swift */,
				11053A9D20637780002099E2 /* MainNavigationController.swift */,
			);
			path = Controller;
			sourceTree = "<group>";
		};
		11053A9820635A67002099E2 /* Tools */ = {
			isa = PBXGroup;
			children = (
				11053AAD206393C6002099E2 /* Common.swift */,
			);
			path = Tools;
			sourceTree = "<group>";
		};
/* End PBXGroup section */

/* Begin PBXNativeTarget section */
		11053A0F2063563C002099E2 /* Sister-v1 */ = {
			isa = PBXNativeTarget;
			buildConfigurationList = 11053A382063563D002099E2 /* Build configuration list for PBXNativeTarget "Sister-v1" */;
			buildPhases = (
				11053A0C2063563C002099E2 /* Sources */,
				11053A0D2063563C002099E2 /* Frameworks */,
				11053A0E2063563C002099E2 /* Resources */,
			);
			buildRules = (
			);
			dependencies = (
			);
			name = "Sister-v1";
			productName = "Sister-v1";
			productReference = 11053A102063563C002099E2 /* Sister-v1.app */;
			productType = "com.apple.product-type.application";
		};
		11053A232063563D002099E2 /* Sister-v1Tests */ = {
			isa = PBXNativeTarget;
			buildConfigurationList = 11053A3B2063563D002099E2 /* Build configuration list for PBXNativeTarget "Sister-v1Tests" */;
			buildPhases = (
				11053A202063563D002099E2 /* Sources */,
				11053A212063563D002099E2 /* Frameworks */,
				11053A222063563D002099E2 /* Resources */,
			);
			buildRules = (
			);
			dependencies = (
				11053A262063563D002099E2 /* PBXTargetDependency */,
			);
			name = "Sister-v1Tests";
			productName = "Sister-v1Tests";
			productReference = 11053A242063563D002099E2 /* Sister-v1Tests.xctest */;
			productType = "com.apple.product-type.bundle.unit-test";
		};
		11053A2E2063563D002099E2 /* Sister-v1UITests */ = {
			isa = PBXNativeTarget;
			buildConfigurationList = 11053A3E2063563D002099E2 /* Build configuration list for PBXNativeTarget "Sister-v1UITests" */;
			buildPhases = (
				11053A2B2063563D002099E2 /* Sources */,
				11053A2C2063563D002099E2 /* Frameworks */,
				11053A2D2063563D002099E2 /* Resources */,
			);
			buildRules = (
			);
			dependencies = (
				11053A312063563D002099E2 /* PBXTargetDependency */,
			);
			name = "Sister-v1UITests";
			productName = "Sister-v1UITests";
			productReference = 11053A2F2063563D002099E2 /* Sister-v1UITests.xctest */;
			productType = "com.apple.product-type.bundle.ui-testing";
		};
/* End PBXNativeTarget section */

/* Begin PBXProject section */
		11053A082063563C002099E2 /* Project object */ = {
			isa = PBXProject;
			attributes = {
				LastSwiftUpdateCheck = 0920;
				LastUpgradeCheck = 0920;
				ORGANIZATIONNAME = jeikerxiao;
				TargetAttributes = {
					11053A0F2063563C002099E2 = {
						CreatedOnToolsVersion = 9.2;
						ProvisioningStyle = Manual;
					};
					11053A232063563D002099E2 = {
						CreatedOnToolsVersion = 9.2;
						ProvisioningStyle = Automatic;
						TestTargetID = 11053A0F2063563C002099E2;
					};
					11053A2E2063563D002099E2 = {
						CreatedOnToolsVersion = 9.2;
						ProvisioningStyle = Automatic;
						TestTargetID = 11053A0F2063563C002099E2;
					};
				};
			};
			buildConfigurationList = 11053A0B2063563C002099E2 /* Build configuration list for PBXProject "Sister-v1" */;
			compatibilityVersion = "Xcode 8.0";
			developmentRegion = en;
			hasScannedForEncodings = 0;
			knownRegions = (
				en,
				Base,
			);
			mainGroup = 11053A072063563C002099E2;
			productRefGroup = 11053A112063563C002099E2 /* Products */;
			projectDirPath = "";
			projectRoot = "";
			targets = (
				11053A0F2063563C002099E2 /* Sister-v1 */,
				11053A232063563D002099E2 /* Sister-v1Tests */,
				11053A2E2063563D002099E2 /* Sister-v1UITests */,
			);
		};
/* End PBXProject section */

/* Begin PBXResourcesBuildPhase section */
		11053A0E2063563C002099E2 /* Resources */ = {
			isa = PBXResourcesBuildPhase;
			buildActionMask = 2147483647;
			files = (
				11053A1E2063563C002099E2 /* LaunchScreen.storyboard in Resources */,
				11053A1B2063563C002099E2 /* Assets.xcassets in Resources */,
				11053A192063563C002099E2 /* Main.storyboard in Resources */,
			);
			runOnlyForDeploymentPostprocessing = 0;
		};
		11053A222063563D002099E2 /* Resources */ = {
			isa = PBXResourcesBuildPhase;
			buildActionMask = 2147483647;
			files = (
			);
			runOnlyForDeploymentPostprocessing = 0;
		};
		11053A2D2063563D002099E2 /* Resources */ = {
			isa = PBXResourcesBuildPhase;
			buildActionMask = 2147483647;
			files = (
			);
			runOnlyForDeploymentPostprocessing = 0;
		};
/* End PBXResourcesBuildPhase section */

/* Begin PBXSourcesBuildPhase section */
		11053A0C2063563C002099E2 /* Sources */ = {
			isa = PBXSourcesBuildPhase;
			buildActionMask = 2147483647;
			files = (
				11053AAC20637EC5002099E2 /* UIView+Extension.swift in Sources */,
				11053AA8206378B7002099E2 /* MeViewController.swift in Sources */,
				11053A9E20637780002099E2 /* MainNavigationController.swift in Sources */,
				11053AA020637816002099E2 /* EssenceViewController.swift in Sources */,
				11053AAE206393C6002099E2 /* Common.swift in Sources */,
				11053AA220637827002099E2 /* NewViewController.swift in Sources */,
				11053AAA206378CA002099E2 /* FriendViewController.swift in Sources */,
				11053A9C20637753002099E2 /* MainTabBar.swift in Sources */,
				11053AA62063789A002099E2 /* PublishViewController.swift in Sources */,
				11053A9A20635B9B002099E2 /* MainTabBarController.swift in Sources */,
				11053A162063563C002099E2 /* ViewController.swift in Sources */,
				11053A142063563C002099E2 /* AppDelegate.swift in Sources */,
			);
			runOnlyForDeploymentPostprocessing = 0;
		};
		11053A202063563D002099E2 /* Sources */ = {
			isa = PBXSourcesBuildPhase;
			buildActionMask = 2147483647;
			files = (
				11053A292063563D002099E2 /* Sister_v1Tests.swift in Sources */,
			);
			runOnlyForDeploymentPostprocessing = 0;
		};
		11053A2B2063563D002099E2 /* Sources */ = {
			isa = PBXSourcesBuildPhase;
			buildActionMask = 2147483647;
			files = (
				11053A342063563D002099E2 /* Sister_v1UITests.swift in Sources */,
			);
			runOnlyForDeploymentPostprocessing = 0;
		};
/* End PBXSourcesBuildPhase section */

/* Begin PBXTargetDependency section */
		11053A262063563D002099E2 /* PBXTargetDependency */ = {
			isa = PBXTargetDependency;
			target = 11053A0F2063563C002099E2 /* Sister-v1 */;
			targetProxy = 11053A252063563D002099E2 /* PBXContainerItemProxy */;
		};
		11053A312063563D002099E2 /* PBXTargetDependency */ = {
			isa = PBXTargetDependency;
			target = 11053A0F2063563C002099E2 /* Sister-v1 */;
			targetProxy = 11053A302063563D002099E2 /* PBXContainerItemProxy */;
		};
/* End PBXTargetDependency section */

/* Begin PBXVariantGroup section */
		11053A172063563C002099E2 /* Main.storyboard */ = {
			isa = PBXVariantGroup;
			children = (
				11053A182063563C002099E2 /* Base */,
			);
			name = Main.storyboard;
			sourceTree = "<group>";
		};
		11053A1C2063563C002099E2 /* LaunchScreen.storyboard */ = {
			isa = PBXVariantGroup;
			children = (
				11053A1D2063563C002099E2 /* Base */,
			);
			name = LaunchScreen.storyboard;
			sourceTree = "<group>";
		};
/* End PBXVariantGroup section */

/* Begin XCBuildConfiguration section */
		11053A362063563D002099E2 /* Debug */ = {
			isa = XCBuildConfiguration;
			buildSettings = {
				ALWAYS_SEARCH_USER_PATHS = NO;
				CLANG_ANALYZER_NONNULL = YES;
				CLANG_ANALYZER_NUMBER_OBJECT_CONVERSION = YES_AGGRESSIVE;
				CLANG_CXX_LANGUAGE_STANDARD = "gnu++14";
				CLANG_CXX_LIBRARY = "libc++";
				CLANG_ENABLE_MODULES = YES;
				CLANG_ENABLE_OBJC_ARC = YES;
				CLANG_WARN_BLOCK_CAPTURE_AUTORELEASING = YES;
				CLANG_WARN_BOOL_CONVERSION = YES;
				CLANG_WARN_COMMA = YES;
				CLANG_WARN_CONSTANT_CONVERSION = YES;
				CLANG_WARN_DIRECT_OBJC_ISA_USAGE = YES_ERROR;
				CLANG_WARN_DOCUMENTATION_COMMENTS = YES;
				CLANG_WARN_EMPTY_BODY = YES;
				CLANG_WARN_ENUM_CONVERSION = YES;
				CLANG_WARN_INFINITE_RECURSION = YES;
				CLANG_WARN_INT_CONVERSION = YES;
				CLANG_WARN_NON_LITERAL_NULL_CONVERSION = YES;
				CLANG_WARN_OBJC_LITERAL_CONVERSION = YES;
				CLANG_WARN_OBJC_ROOT_CLASS = YES_ERROR;
				CLANG_WARN_RANGE_LOOP_ANALYSIS = YES;
				CLANG_WARN_STRICT_PROTOTYPES = YES;
				CLANG_WARN_SUSPICIOUS_MOVE = YES;
				CLANG_WARN_UNGUARDED_AVAILABILITY = YES_AGGRESSIVE;
				CLANG_WARN_UNREACHABLE_CODE = YES;
				CLANG_WARN__DUPLICATE_METHOD_MATCH = YES;
				CODE_SIGN_IDENTITY = "iPhone Developer";
				COPY_PHASE_STRIP = NO;
				DEBUG_INFORMATION_FORMAT = dwarf;
				ENABLE_STRICT_OBJC_MSGSEND = YES;
				ENABLE_TESTABILITY = YES;
				GCC_C_LANGUAGE_STANDARD = gnu11;
				GCC_DYNAMIC_NO_PIC = NO;
				GCC_NO_COMMON_BLOCKS = YES;
				GCC_OPTIMIZATION_LEVEL = 0;
				GCC_PREPROCESSOR_DEFINITIONS = (
					"DEBUG=1",
					"$(inherited)",
				);
				GCC_WARN_64_TO_32_BIT_CONVERSION = YES;
				GCC_WARN_ABOUT_RETURN_TYPE = YES_ERROR;
				GCC_WARN_UNDECLARED_SELECTOR = YES;
				GCC_WARN_UNINITIALIZED_AUTOS = YES_AGGRESSIVE;
				GCC_WARN_UNUSED_FUNCTION = YES;
				GCC_WARN_UNUSED_VARIABLE = YES;
				IPHONEOS_DEPLOYMENT_TARGET = 11.2;
				MTL_ENABLE_DEBUG_INFO = YES;
				ONLY_ACTIVE_ARCH = YES;
				SDKROOT = iphoneos;
				SWIFT_ACTIVE_COMPILATION_CONDITIONS = DEBUG;
				SWIFT_OPTIMIZATION_LEVEL = "-Onone";
			};
			name = Debug;
		};
		11053A372063563D002099E2 /* Release */ = {
			isa = XCBuildConfiguration;
			buildSettings = {
				ALWAYS_SEARCH_USER_PATHS = NO;
				CLANG_ANALYZER_NONNULL = YES;
				CLANG_ANALYZER_NUMBER_OBJECT_CONVERSION = YES_AGGRESSIVE;
				CLANG_CXX_LANGUAGE_STANDARD = "gnu++14";
				CLANG_CXX_LIBRARY = "libc++";
				CLANG_ENABLE_MODULES = YES;
				CLANG_ENABLE_OBJC_ARC = YES;
				CLANG_WARN_BLOCK_CAPTURE_AUTORELEASING = YES;
				CLANG_WARN_BOOL_CONVERSION = YES;
				CLANG_WARN_COMMA = YES;
				CLANG_WARN_CONSTANT_CONVERSION = YES;
				CLANG_WARN_DIRECT_OBJC_ISA_USAGE = YES_ERROR;
				CLANG_WARN_DOCUMENTATION_COMMENTS = YES;
				CLANG_WARN_EMPTY_BODY = YES;
				CLANG_WARN_ENUM_CONVERSION = YES;
				CLANG_WARN_INFINITE_RECURSION = YES;
				CLANG_WARN_INT_CONVERSION = YES;
				CLANG_WARN_NON_LITERAL_NULL_CONVERSION = YES;
				CLANG_WARN_OBJC_LITERAL_CONVERSION = YES;
				CLANG_WARN_OBJC_ROOT_CLASS = YES_ERROR;
				CLANG_WARN_RANGE_LOOP_ANALYSIS = YES;
				CLANG_WARN_STRICT_PROTOTYPES = YES;
				CLANG_WARN_SUSPICIOUS_MOVE = YES;
				CLANG_WARN_UNGUARDED_AVAILABILITY = YES_AGGRESSIVE;
				CLANG_WARN_UNREACHABLE_CODE = YES;
				CLANG_WARN__DUPLICATE_METHOD_MATCH = YES;
				CODE_SIGN_IDENTITY = "iPhone Developer";
				COPY_PHASE_STRIP = NO;
				DEBUG_INFORMATION_FORMAT = "dwarf-with-dsym";
				ENABLE_NS_ASSERTIONS = NO;
				ENABLE_STRICT_OBJC_MSGSEND = YES;
				GCC_C_LANGUAGE_STANDARD = gnu11;
				GCC_NO_COMMON_BLOCKS = YES;
				GCC_WARN_64_TO_32_BIT_CONVERSION = YES;
				GCC_WARN_ABOUT_RETURN_TYPE = YES_ERROR;
				GCC_WARN_UNDECLARED_SELECTOR = YES;
				GCC_WARN_UNINITIALIZED_AUTOS = YES_AGGRESSIVE;
				GCC_WARN_UNUSED_FUNCTION = YES;
				GCC_WARN_UNUSED_VARIABLE = YES;
				IPHONEOS_DEPLOYMENT_TARGET = 11.2;
				MTL_ENABLE_DEBUG_INFO = NO;
				SDKROOT = iphoneos;
				SWIFT_OPTIMIZATION_LEVEL = "-Owholemodule";
				VALIDATE_PRODUCT = YES;
			};
			name = Release;
		};
		11053A392063563D002099E2 /* Debug */ = {
			isa = XCBuildConfiguration;
			buildSettings = {
				ASSETCATALOG_COMPILER_APPICON_NAME = AppIcon;
				CODE_SIGN_STYLE = Manual;
				DEVELOPMENT_TEAM = 42RLUT39J9;
				INFOPLIST_FILE = "Sister-v1/Info.plist";
				LD_RUNPATH_SEARCH_PATHS = "$(inherited) @executable_path/Frameworks";
				PRODUCT_BUNDLE_IDENTIFIER = "com.sinocare.Sister-v1";
				PRODUCT_NAME = "$(TARGET_NAME)";
				PROVISIONING_PROFILE = "d1a0f55d-67c3-4e74-bbb5-8ada2fa7a31d";
				PROVISIONING_PROFILE_SPECIFIER = "jeikerxiao Profile Test";
				SWIFT_VERSION = 4.0;
				TARGETED_DEVICE_FAMILY = "1,2";
			};
			name = Debug;
		};
		11053A3A2063563D002099E2 /* Release */ = {
			isa = XCBuildConfiguration;
			buildSettings = {
				ASSETCATALOG_COMPILER_APPICON_NAME = AppIcon;
				CODE_SIGN_STYLE = Manual;
				DEVELOPMENT_TEAM = 42RLUT39J9;
				INFOPLIST_FILE = "Sister-v1/Info.plist";
				LD_RUNPATH_SEARCH_PATHS = "$(inherited) @executable_path/Frameworks";
				PRODUCT_BUNDLE_IDENTIFIER = "com.sinocare.Sister-v1";
				PRODUCT_NAME = "$(TARGET_NAME)";
				PROVISIONING_PROFILE = "d1a0f55d-67c3-4e74-bbb5-8ada2fa7a31d";
				PROVISIONING_PROFILE_SPECIFIER = "jeikerxiao Profile Test";
				SWIFT_VERSION = 4.0;
				TARGETED_DEVICE_FAMILY = "1,2";
			};
			name = Release;
		};
		11053A3C2063563D002099E2 /* Debug */ = {
			isa = XCBuildConfiguration;
			buildSettings = {
				ALWAYS_EMBED_SWIFT_STANDARD_LIBRARIES = YES;
				BUNDLE_LOADER = "$(TEST_HOST)";
				CODE_SIGN_STYLE = Automatic;
				DEVELOPMENT_TEAM = ZZQ7W6RY9K;
				INFOPLIST_FILE = "Sister-v1Tests/Info.plist";
				LD_RUNPATH_SEARCH_PATHS = "$(inherited) @executable_path/Frameworks @loader_path/Frameworks";
				PRODUCT_BUNDLE_IDENTIFIER = "com.sinocare.Sister-v1Tests";
				PRODUCT_NAME = "$(TARGET_NAME)";
				SWIFT_VERSION = 4.0;
				TARGETED_DEVICE_FAMILY = "1,2";
				TEST_HOST = "$(BUILT_PRODUCTS_DIR)/Sister-v1.app/Sister-v1";
			};
			name = Debug;
		};
		11053A3D2063563D002099E2 /* Release */ = {
			isa = XCBuildConfiguration;
			buildSettings = {
				ALWAYS_EMBED_SWIFT_STANDARD_LIBRARIES = YES;
				BUNDLE_LOADER = "$(TEST_HOST)";
				CODE_SIGN_STYLE = Automatic;
				DEVELOPMENT_TEAM = ZZQ7W6RY9K;
				INFOPLIST_FILE = "Sister-v1Tests/Info.plist";
				LD_RUNPATH_SEARCH_PATHS = "$(inherited) @executable_path/Frameworks @loader_path/Frameworks";
				PRODUCT_BUNDLE_IDENTIFIER = "com.sinocare.Sister-v1Tests";
				PRODUCT_NAME = "$(TARGET_NAME)";
				SWIFT_VERSION = 4.0;
				TARGETED_DEVICE_FAMILY = "1,2";
				TEST_HOST = "$(BUILT_PRODUCTS_DIR)/Sister-v1.app/Sister-v1";
			};
			name = Release;
		};
		11053A3F2063563D002099E2 /* Debug */ = {
			isa = XCBuildConfiguration;
			buildSettings = {
				ALWAYS_EMBED_SWIFT_STANDARD_LIBRARIES = YES;
				CODE_SIGN_STYLE = Automatic;
				DEVELOPMENT_TEAM = ZZQ7W6RY9K;
				INFOPLIST_FILE = "Sister-v1UITests/Info.plist";
				LD_RUNPATH_SEARCH_PATHS = "$(inherited) @executable_path/Frameworks @loader_path/Frameworks";
				PRODUCT_BUNDLE_IDENTIFIER = "com.sinocare.Sister-v1UITests";
				PRODUCT_NAME = "$(TARGET_NAME)";
				SWIFT_VERSION = 4.0;
				TARGETED_DEVICE_FAMILY = "1,2";
				TEST_TARGET_NAME = "Sister-v1";
			};
			name = Debug;
		};
		11053A402063563D002099E2 /* Release */ = {
			isa = XCBuildConfiguration;
			buildSettings = {
				ALWAYS_EMBED_SWIFT_STANDARD_LIBRARIES = YES;
				CODE_SIGN_STYLE = Automatic;
				DEVELOPMENT_TEAM = ZZQ7W6RY9K;
				INFOPLIST_FILE = "Sister-v1UITests/Info.plist";
				LD_RUNPATH_SEARCH_PATHS = "$(inherited) @executable_path/Frameworks @loader_path/Frameworks";
				PRODUCT_BUNDLE_IDENTIFIER = "com.sinocare.Sister-v1UITests";
				PRODUCT_NAME = "$(TARGET_NAME)";
				SWIFT_VERSION = 4.0;
				TARGETED_DEVICE_FAMILY = "1,2";
				TEST_TARGET_NAME = "Sister-v1";
			};
			name = Release;
		};
/* End XCBuildConfiguration section */

/* Begin XCConfigurationList section */
		11053A0B2063563C002099E2 /* Build configuration list for PBXProject "Sister-v1" */ = {
			isa = XCConfigurationList;
			buildConfigurations = (
				11053A362063563D002099E2 /* Debug */,
				11053A372063563D002099E2 /* Release */,
			);
			defaultConfigurationIsVisible = 0;
			defaultConfigurationName = Release;
		};
		11053A382063563D002099E2 /* Build configuration list for PBXNativeTarget "Sister-v1" */ = {
			isa = XCConfigurationList;
			buildConfigurations = (
				11053A392063563D002099E2 /* Debug */,
				11053A3A2063563D002099E2 /* Release */,
			);
			defaultConfigurationIsVisible = 0;
			defaultConfigurationName = Release;
		};
		11053A3B2063563D002099E2 /* Build configuration list for PBXNativeTarget "Sister-v1Tests" */ = {
			isa = XCConfigurationList;
			buildConfigurations = (
				11053A3C2063563D002099E2 /* Debug */,
				11053A3D2063563D002099E2 /* Release */,
			);
			defaultConfigurationIsVisible = 0;
			defaultConfigurationName = Release;
		};
		11053A3E2063563D002099E2 /* Build configuration list for PBXNativeTarget "Sister-v1UITests" */ = {
			isa = XCConfigurationList;
			buildConfigurations = (
				11053A3F2063563D002099E2 /* Debug */,
				11053A402063563D002099E2 /* Release */,
			);
			defaultConfigurationIsVisible = 0;
			defaultConfigurationName = Release;
		};
/* End XCConfigurationList section */
	};
	rootObject = 11053A082063563C002099E2 /* Project object */;
}
